
Microsoft Visual Studio Solution File, Format Version 12.00
# Visual Studio 15
VisualStudioVersion = 15.0.27428.2015
MinimumVisualStudioVersion = 10.0.40219.1
Project("{FAE04EC0-301F-11D3-BF4B-00C04F79EFBC}") = "Pharmacy", "Pharmacy\Pharmacy.csproj", "{29ACEE50-37E7-47F9-98C6-84F3020EC50A}"
EndProject
Global
	GlobalSection(SolutionConfigurationPlatforms) = preSolution
		Debug|Any CPU = Debug|Any CPU
		Release|Any CPU = Release|Any CPU
	EndGlobalSection
	GlobalSection(ProjectConfigurationPlatforms) = postSolution
		{29ACEE50-37E7-47F9-98C6-84F3020EC50A}.Debug|Any CPU.ActiveCfg = Debug|Any CPU
		{29ACEE50-37E7-47F9-98C6-84F3020EC50A}.Debug|Any CPU.Build.0 = Debug|Any CPU
		{29ACEE50-37E7-47F9-98C6-84F3020EC50A}.Release|Any CPU.ActiveCfg = Release|Any CPU
		{29ACEE50-37E7-47F9-98C6-84F3020EC50A}.Release|Any CPU.Build.0 = Release|Any CPU
	EndGlobalSection
	GlobalSection(SolutionProperties) = preSolution
		HideSolutionNode = FALSE
	EndGlobalSection
	GlobalSection(ExtensibilityGlobals) = postSolution
		SolutionGuid = {8FE3DBDA-B417-4D56-89A7-1AFA2238B309}
	EndGlobalSection
EndGlobal
